
Microsoft Visual Studio Solution File, Format Version 12.00
Project("{FAE04EC0-301F-11D3-BF4B-00C04F79EFBC}") = "VkDownloader", "VkDownloader\VkDownloader.csproj", "{774E47D0-66E6-40A8-9CEF-AA4D5445E4C6}"
EndProject
Global
	GlobalSection(SolutionConfigurationPlatforms) = preSolution
		Debug|Any CPU = Debug|Any CPU
		Release|Any CPU = Release|Any CPU
	EndGlobalSection
	GlobalSection(ProjectConfigurationPlatforms) = postSolution
		{774E47D0-66E6-40A8-9CEF-AA4D5445E4C6}.Debug|Any CPU.ActiveCfg = Debug|Any CPU
		{774E47D0-66E6-40A8-9CEF-AA4D5445E4C6}.Debug|Any CPU.Build.0 = Debug|Any CPU
		{774E47D0-66E6-40A8-9CEF-AA4D5445E4C6}.Release|Any CPU.ActiveCfg = Release|Any CPU
		{774E47D0-66E6-40A8-9CEF-AA4D5445E4C6}.Release|Any CPU.Build.0 = Release|Any CPU
	EndGlobalSection
EndGlobal
